// !$*UTF8*$!
{
	archiveVersion = 1;
	classes = {
	};
	objectVersion = 50;
	objects = {

/* Begin PBXBuildFile section */
		DAB9CA71250111DA00C799E5 /* AppDelegate.swift in Sources */ = {isa = PBXBuildFile; fileRef = DAB9CA70250111DA00C799E5 /* AppDelegate.swift */; };
		DAB9CA73250111DA00C799E5 /* SceneDelegate.swift in Sources */ = {isa = PBXBuildFile; fileRef = DAB9CA72250111DA00C799E5 /* SceneDelegate.swift */; };
		DAB9CA75250111DA00C799E5 /* ViewController.swift in Sources */ = {isa = PBXBuildFile; fileRef = DAB9CA74250111DA00C799E5 /* ViewController.swift */; };
		DAB9CA78250111DA00C799E5 /* Main.storyboard in Resources */ = {isa = PBXBuildFile; fileRef = DAB9CA76250111DA00C799E5 /* Main.storyboard */; };
		DAB9CA7A250111DB00C799E5 /* Assets.xcassets in Resources */ = {isa = PBXBuildFile; fileRef = DAB9CA79250111DB00C799E5 /* Assets.xcassets */; };
		DAB9CA7D250111DB00C799E5 /* LaunchScreen.storyboard in Resources */ = {isa = PBXBuildFile; fileRef = DAB9CA7B250111DB00C799E5 /* LaunchScreen.storyboard */; };
		DAB9CA86250113A300C799E5 /* LocationService.swift in Sources */ = {isa = PBXBuildFile; fileRef = DAB9CA85250113A300C799E5 /* LocationService.swift */; };
		DAB9CA88250114D100C799E5 /* PlottingService.swift in Sources */ = {isa = PBXBuildFile; fileRef = DAB9CA87250114D100C799E5 /* PlottingService.swift */; };
/* End PBXBuildFile section */

/* Begin PBXFileReference section */
		DAB9CA6D250111DA00C799E5 /* TopLine.app */ = {isa = PBXFileReference; explicitFileType = wrapper.application; includeInIndex = 0; path = TopLine.app; sourceTree = BUILT_PRODUCTS_DIR; };
		DAB9CA70250111DA00C799E5 /* AppDelegate.swift */ = {isa = PBXFileReference; lastKnownFileType = sourcecode.swift; path = AppDelegate.swift; sourceTree = "<group>"; };
		DAB9CA72250111DA00C799E5 /* SceneDelegate.swift */ = {isa = PBXFileReference; lastKnownFileType = sourcecode.swift; path = SceneDelegate.swift; sourceTree = "<group>"; };
		DAB9CA74250111DA00C799E5 /* ViewController.swift */ = {isa = PBXFileReference; lastKnownFileType = sourcecode.swift; path = ViewController.swift; sourceTree = "<group>"; };
		DAB9CA77250111DA00C799E5 /* Base */ = {isa = PBXFileReference; lastKnownFileType = file.storyboard; name = Base; path = Base.lproj/Main.storyboard; sourceTree = "<group>"; };
		DAB9CA79250111DB00C799E5 /* Assets.xcassets */ = {isa = PBXFileReference; lastKnownFileType = folder.assetcatalog; path = Assets.xcassets; sourceTree = "<group>"; };
		DAB9CA7C250111DB00C799E5 /* Base */ = {isa = PBXFileReference; lastKnownFileType = file.storyboard; name = Base; path = Base.lproj/LaunchScreen.storyboard; sourceTree = "<group>"; };
		DAB9CA7E250111DB00C799E5 /* Info.plist */ = {isa = PBXFileReference; lastKnownFileType = text.plist.xml; path = Info.plist; sourceTree = "<group>"; };
		DAB9CA85250113A300C799E5 /* LocationService.swift */ = {isa = PBXFileReference; lastKnownFileType = sourcecode.swift; path = LocationService.swift; sourceTree = "<group>"; };
		DAB9CA87250114D100C799E5 /* PlottingService.swift */ = {isa = PBXFileReference; lastKnownFileType = sourcecode.swift; path = PlottingService.swift; sourceTree = "<group>"; };
/* End PBXFileReference section */

/* Begin PBXFrameworksBuildPhase section */
		DAB9CA6A250111DA00C799E5 /* Frameworks */ = {
			isa = PBXFrameworksBuildPhase;
			buildActionMask = 2147483647;
			files = (
			);
			runOnlyForDeploymentPostprocessing = 0;
		};
/* End PBXFrameworksBuildPhase section */

/* Begin PBXGroup section */
		DAB9CA64250111DA00C799E5 = {
			isa = PBXGroup;
			children = (
				DAB9CA6F250111DA00C799E5 /* TopLine */,
				DAB9CA6E250111DA00C799E5 /* Products */,
			);
			sourceTree = "<group>";
		};
		DAB9CA6E250111DA00C799E5 /* Products */ = {
			isa = PBXGroup;
			children = (
				DAB9CA6D250111DA00C799E5 /* TopLine.app */,
			);
			name = Products;
			sourceTree = "<group>";
		};
		DAB9CA6F250111DA00C799E5 /* TopLine */ = {
			isa = PBXGroup;
			children = (
				DAB9CA842501139800C799E5 /* Model */,
				DAB9CA70250111DA00C799E5 /* AppDelegate.swift */,
				DAB9CA72250111DA00C799E5 /* SceneDelegate.swift */,
				DAB9CA74250111DA00C799E5 /* ViewController.swift */,
				DAB9CA76250111DA00C799E5 /* Main.storyboard */,
				DAB9CA79250111DB00C799E5 /* Assets.xcassets */,
				DAB9CA7B250111DB00C799E5 /* LaunchScreen.storyboard */,
				DAB9CA7E250111DB00C799E5 /* Info.plist */,
			);
			path = TopLine;
			sourceTree = "<group>";
		};
		DAB9CA842501139800C799E5 /* Model */ = {
			isa = PBXGroup;
			children = (
				DAB9CA85250113A300C799E5 /* LocationService.swift */,
				DAB9CA87250114D100C799E5 /* PlottingService.swift */,
			);
			path = Model;
			sourceTree = "<group>";
		};
/* End PBXGroup section */

/* Begin PBXNativeTarget section */
		DAB9CA6C250111DA00C799E5 /* TopLine */ = {
			isa = PBXNativeTarget;
			buildConfigurationList = DAB9CA81250111DB00C799E5 /* Build configuration list for PBXNativeTarget "TopLine" */;
			buildPhases = (
				DAB9CA69250111DA00C799E5 /* Sources */,
				DAB9CA6A250111DA00C799E5 /* Frameworks */,
				DAB9CA6B250111DA00C799E5 /* Resources */,
			);
			buildRules = (
			);
			dependencies = (
			);
			name = TopLine;
			productName = TopLine;
			productReference = DAB9CA6D250111DA00C799E5 /* TopLine.app */;
			productType = "com.apple.product-type.application";
		};
/* End PBXNativeTarget section */

/* Begin PBXProject section */
		DAB9CA65250111DA00C799E5 /* Project object */ = {
			isa = PBXProject;
			attributes = {
				LastSwiftUpdateCheck = 1160;
				LastUpgradeCheck = 1160;
				ORGANIZATIONNAME = "UINTMAX Limited";
				TargetAttributes = {
					DAB9CA6C250111DA00C799E5 = {
						CreatedOnToolsVersion = 11.6;
					};
				};
			};
			buildConfigurationList = DAB9CA68250111DA00C799E5 /* Build configuration list for PBXProject "TopLine" */;
			compatibilityVersion = "Xcode 9.3";
			developmentRegion = en;
			hasScannedForEncodings = 0;
			knownRegions = (
				en,
				Base,
			);
			mainGroup = DAB9CA64250111DA00C799E5;
			productRefGroup = DAB9CA6E250111DA00C799E5 /* Products */;
			projectDirPath = "";
			projectRoot = "";
			targets = (
				DAB9CA6C250111DA00C799E5 /* TopLine */,
			);
		};
/* End PBXProject section */

/* Begin PBXResourcesBuildPhase section */
		DAB9CA6B250111DA00C799E5 /* Resources */ = {
			isa = PBXResourcesBuildPhase;
			buildActionMask = 2147483647;
			files = (
				DAB9CA7D250111DB00C799E5 /* LaunchScreen.storyboard in Resources */,
				DAB9CA7A250111DB00C799E5 /* Assets.xcassets in Resources */,
				DAB9CA78250111DA00C799E5 /* Main.storyboard in Resources */,
			);
			runOnlyForDeploymentPostprocessing = 0;
		};
/* End PBXResourcesBuildPhase section */

/* Begin PBXSourcesBuildPhase section */
		DAB9CA69250111DA00C799E5 /* Sources */ = {
			isa = PBXSourcesBuildPhase;
			buildActionMask = 2147483647;
			files = (
				DAB9CA75250111DA00C799E5 /* ViewController.swift in Sources */,
				DAB9CA71250111DA00C799E5 /* AppDelegate.swift in Sources */,
				DAB9CA86250113A300C799E5 /* LocationService.swift in Sources */,
				DAB9CA88250114D100C799E5 /* PlottingService.swift in Sources */,
				DAB9CA73250111DA00C799E5 /* SceneDelegate.swift in Sources */,
			);
			runOnlyForDeploymentPostprocessing = 0;
		};
/* End PBXSourcesBuildPhase section */

/* Begin PBXVariantGroup section */
		DAB9CA76250111DA00C799E5 /* Main.storyboard */ = {
			isa = PBXVariantGroup;
			children = (
				DAB9CA77250111DA00C799E5 /* Base */,
			);
			name = Main.storyboard;
			sourceTree = "<group>";
		};
		DAB9CA7B250111DB00C799E5 /* LaunchScreen.storyboard */ = {
			isa = PBXVariantGroup;
			children = (
				DAB9CA7C250111DB00C799E5 /* Base */,
			);
			name = LaunchScreen.storyboard;
			sourceTree = "<group>";
		};
/* End PBXVariantGroup section */

/* Begin XCBuildConfiguration section */
		DAB9CA7F250111DB00C799E5 /* Debug */ = {
			isa = XCBuildConfiguration;
			buildSettings = {
				ALWAYS_SEARCH_USER_PATHS = NO;
				CLANG_ANALYZER_NONNULL = YES;
				CLANG_ANALYZER_NUMBER_OBJECT_CONVERSION = YES_AGGRESSIVE;
				CLANG_CXX_LANGUAGE_STANDARD = "gnu++14";
				CLANG_CXX_LIBRARY = "libc++";
				CLANG_ENABLE_MODULES = YES;
				CLANG_ENABLE_OBJC_ARC = YES;
				CLANG_ENABLE_OBJC_WEAK = YES;
				CLANG_WARN_BLOCK_CAPTURE_AUTORELEASING = YES;
				CLANG_WARN_BOOL_CONVERSION = YES;
				CLANG_WARN_COMMA = YES;
				CLANG_WARN_CONSTANT_CONVERSION = YES;
				CLANG_WARN_DEPRECATED_OBJC_IMPLEMENTATIONS = YES;
				CLANG_WARN_DIRECT_OBJC_ISA_USAGE = YES_ERROR;
				CLANG_WARN_DOCUMENTATION_COMMENTS = YES;
				CLANG_WARN_EMPTY_BODY = YES;
				CLANG_WARN_ENUM_CONVERSION = YES;
				CLANG_WARN_INFINITE_RECURSION = YES;
				CLANG_WARN_INT_CONVERSION = YES;
				CLANG_WARN_NON_LITERAL_NULL_CONVERSION = YES;
				CLANG_WARN_OBJC_IMPLICIT_RETAIN_SELF = YES;
				CLANG_WARN_OBJC_LITERAL_CONVERSION = YES;
				CLANG_WARN_OBJC_ROOT_CLASS = YES_ERROR;
				CLANG_WARN_RANGE_LOOP_ANALYSIS = YES;
				CLANG_WARN_STRICT_PROTOTYPES = YES;
				CLANG_WARN_SUSPICIOUS_MOVE = YES;
				CLANG_WARN_UNGUARDED_AVAILABILITY = YES_AGGRESSIVE;
				CLANG_WARN_UNREACHABLE_CODE = YES;
				CLANG_WARN__DUPLICATE_METHOD_MATCH = YES;
				COPY_PHASE_STRIP = NO;
				DEBUG_INFORMATION_FORMAT = dwarf;
				ENABLE_STRICT_OBJC_MSGSEND = YES;
				ENABLE_TESTABILITY = YES;
				GCC_C_LANGUAGE_STANDARD = gnu11;
				GCC_DYNAMIC_NO_PIC = NO;
				GCC_NO_COMMON_BLOCKS = YES;
				GCC_OPTIMIZATION_LEVEL = 0;
				GCC_PREPROCESSOR_DEFINITIONS = (
					"DEBUG=1",
					"$(inherited)",
				);
				GCC_WARN_64_TO_32_BIT_CONVERSION = YES;
				GCC_WARN_ABOUT_RETURN_TYPE = YES_ERROR;
				GCC_WARN_UNDECLARED_SELECTOR = YES;
				GCC_WARN_UNINITIALIZED_AUTOS = YES_AGGRESSIVE;
				GCC_WARN_UNUSED_FUNCTION = YES;
				GCC_WARN_UNUSED_VARIABLE = YES;
				IPHONEOS_DEPLOYMENT_TARGET = 13.6;
				MTL_ENABLE_DEBUG_INFO = INCLUDE_SOURCE;
				MTL_FAST_MATH = YES;
				ONLY_ACTIVE_ARCH = YES;
				SDKROOT = iphoneos;
				SWIFT_ACTIVE_COMPILATION_CONDITIONS = DEBUG;
				SWIFT_OPTIMIZATION_LEVEL = "-Onone";
			};
			name = Debug;
		};
		DAB9CA80250111DB00C799E5 /* Release */ = {
			isa = XCBuildConfiguration;
			buildSettings = {
				ALWAYS_SEARCH_USER_PATHS = NO;
				CLANG_ANALYZER_NONNULL = YES;
				CLANG_ANALYZER_NUMBER_OBJECT_CONVERSION = YES_AGGRESSIVE;
				CLANG_CXX_LANGUAGE_STANDARD = "gnu++14";
				CLANG_CXX_LIBRARY = "libc++";
				CLANG_ENABLE_MODULES = YES;
				CLANG_ENABLE_OBJC_ARC = YES;
				CLANG_ENABLE_OBJC_WEAK = YES;
				CLANG_WARN_BLOCK_CAPTURE_AUTORELEASING = YES;
				CLANG_WARN_BOOL_CONVERSION = YES;
				CLANG_WARN_COMMA = YES;
				CLANG_WARN_CONSTANT_CONVERSION = YES;
				CLANG_WARN_DEPRECATED_OBJC_IMPLEMENTATIONS = YES;
				CLANG_WARN_DIRECT_OBJC_ISA_USAGE = YES_ERROR;
				CLANG_WARN_DOCUMENTATION_COMMENTS = YES;
				CLANG_WARN_EMPTY_BODY = YES;
				CLANG_WARN_ENUM_CONVERSION = YES;
				CLANG_WARN_INFINITE_RECURSION = YES;
				CLANG_WARN_INT_CONVERSION = YES;
				CLANG_WARN_NON_LITERAL_NULL_CONVERSION = YES;
				CLANG_WARN_OBJC_IMPLICIT_RETAIN_SELF = YES;
				CLANG_WARN_OBJC_LITERAL_CONVERSION = YES;
				CLANG_WARN_OBJC_ROOT_CLASS = YES_ERROR;
				CLANG_WARN_RANGE_LOOP_ANALYSIS = YES;
				CLANG_WARN_STRICT_PROTOTYPES = YES;
				CLANG_WARN_SUSPICIOUS_MOVE = YES;
				CLANG_WARN_UNGUARDED_AVAILABILITY = YES_AGGRESSIVE;
				CLANG_WARN_UNREACHABLE_CODE = YES;
				CLANG_WARN__DUPLICATE_METHOD_MATCH = YES;
				COPY_PHASE_STRIP = NO;
				DEBUG_INFORMATION_FORMAT = "dwarf-with-dsym";
				ENABLE_NS_ASSERTIONS = NO;
				ENABLE_STRICT_OBJC_MSGSEND = YES;
				GCC_C_LANGUAGE_STANDARD = gnu11;
				GCC_NO_COMMON_BLOCKS = YES;
				GCC_WARN_64_TO_32_BIT_CONVERSION = YES;
				GCC_WARN_ABOUT_RETURN_TYPE = YES_ERROR;
				GCC_WARN_UNDECLARED_SELECTOR = YES;
				GCC_WARN_UNINITIALIZED_AUTOS = YES_AGGRESSIVE;
				GCC_WARN_UNUSED_FUNCTION = YES;
				GCC_WARN_UNUSED_VARIABLE = YES;
				IPHONEOS_DEPLOYMENT_TARGET = 13.6;
				MTL_ENABLE_DEBUG_INFO = NO;
				MTL_FAST_MATH = YES;
				SDKROOT = iphoneos;
				SWIFT_COMPILATION_MODE = wholemodule;
				SWIFT_OPTIMIZATION_LEVEL = "-O";
				VALIDATE_PRODUCT = YES;
			};
			name = Release;
		};
		DAB9CA82250111DB00C799E5 /* Debug */ = {
			isa = XCBuildConfiguration;
			buildSettings = {
				ASSETCATALOG_COMPILER_APPICON_NAME = AppIcon;
				CODE_SIGN_STYLE = Automatic;
				DEVELOPMENT_TEAM = 426N58MG75;
				INFOPLIST_FILE = TopLine/Info.plist;
				IPHONEOS_DEPLOYMENT_TARGET = 13.0;
				LD_RUNPATH_SEARCH_PATHS = (
					"$(inherited)",
					"@executable_path/Frameworks",
				);
				PRODUCT_BUNDLE_IDENTIFIER = com.uintmax.TopLine;
				PRODUCT_NAME = "$(TARGET_NAME)";
				SWIFT_VERSION = 5.0;
				TARGETED_DEVICE_FAMILY = "1,2";
			};
			name = Debug;
		};
		DAB9CA83250111DB00C799E5 /* Release */ = {
			isa = XCBuildConfiguration;
			buildSettings = {
				ASSETCATALOG_COMPILER_APPICON_NAME = AppIcon;
				CODE_SIGN_STYLE = Automatic;
				DEVELOPMENT_TEAM = 426N58MG75;
				INFOPLIST_FILE = TopLine/Info.plist;
				IPHONEOS_DEPLOYMENT_TARGET = 13.0;
				LD_RUNPATH_SEARCH_PATHS = (
					"$(inherited)",
					"@executable_path/Frameworks",
				);
				PRODUCT_BUNDLE_IDENTIFIER = com.uintmax.TopLine;
				PRODUCT_NAME = "$(TARGET_NAME)";
				SWIFT_VERSION = 5.0;
				TARGETED_DEVICE_FAMILY = "1,2";
			};
			name = Release;
		};
/* End XCBuildConfiguration section */

/* Begin XCConfigurationList section */
		DAB9CA68250111DA00C799E5 /* Build configuration list for PBXProject "TopLine" */ = {
			isa = XCConfigurationList;
			buildConfigurations = (
				DAB9CA7F250111DB00C799E5 /* Debug */,
				DAB9CA80250111DB00C799E5 /* Release */,
			);
			defaultConfigurationIsVisible = 0;
			defaultConfigurationName = Release;
		};
		DAB9CA81250111DB00C799E5 /* Build configuration list for PBXNativeTarget "TopLine" */ = {
			isa = XCConfigurationList;
			buildConfigurations = (
				DAB9CA82250111DB00C799E5 /* Debug */,
				DAB9CA83250111DB00C799E5 /* Release */,
			);
			defaultConfigurationIsVisible = 0;
			defaultConfigurationName = Release;
		};
/* End XCConfigurationList section */
	};
	rootObject = DAB9CA65250111DA00C799E5 /* Project object */;
}
